// !$*UTF8*$!
{
	archiveVersion = 1;
	classes = {
	};
	objectVersion = 77;
	objects = {

/* Begin PBXContainerItemProxy section */
		4FD2D2752CBE72DE0061103E /* PBXContainerItemProxy */ = {
			isa = PBXContainerItemProxy;
			containerPortal = 4FD2D25C2CBE72DC0061103E /* Project object */;
			proxyType = 1;
			remoteGlobalIDString = 4FD2D2632CBE72DC0061103E;
			remoteInfo = PhotoPuzzle;
		};
		4FD2D27F2CBE72DE0061103E /* PBXContainerItemProxy */ = {
			isa = PBXContainerItemProxy;
			containerPortal = 4FD2D25C2CBE72DC0061103E /* Project object */;
			proxyType = 1;
			remoteGlobalIDString = 4FD2D2632CBE72DC0061103E;
			remoteInfo = PhotoPuzzle;
		};
/* End PBXContainerItemProxy section */

/* Begin PBXFileReference section */
		4FD2D2642CBE72DC0061103E /* PhotoPuzzle.app */ = {isa = PBXFileReference; explicitFileType = wrapper.application; includeInIndex = 0; path = PhotoPuzzle.app; sourceTree = BUILT_PRODUCTS_DIR; };
		4FD2D2742CBE72DE0061103E /* PhotoPuzzleTests.xctest */ = {isa = PBXFileReference; explicitFileType = wrapper.cfbundle; includeInIndex = 0; path = PhotoPuzzleTests.xctest; sourceTree = BUILT_PRODUCTS_DIR; };
		4FD2D27E2CBE72DE0061103E /* PhotoPuzzleUITests.xctest */ = {isa = PBXFileReference; explicitFileType = wrapper.cfbundle; includeInIndex = 0; path = PhotoPuzzleUITests.xctest; sourceTree = BUILT_PRODUCTS_DIR; };
/* End PBXFileReference section */

/* Begin PBXFileSystemSynchronizedRootGroup section */
		4FD2D2662CBE72DC0061103E /* PhotoPuzzle */ = {
			isa = PBXFileSystemSynchronizedRootGroup;
			path = PhotoPuzzle;
			sourceTree = "<group>";
		};
		4FD2D2772CBE72DE0061103E /* PhotoPuzzleTests */ = {
			isa = PBXFileSystemSynchronizedRootGroup;
			path = PhotoPuzzleTests;
			sourceTree = "<group>";
		};
		4FD2D2812CBE72DE0061103E /* PhotoPuzzleUITests */ = {
			isa = PBXFileSystemSynchronizedRootGroup;
			path = PhotoPuzzleUITests;
			sourceTree = "<group>";
		};
/* End PBXFileSystemSynchronizedRootGroup section */

/* Begin PBXFrameworksBuildPhase section */
		4FD2D2612CBE72DC0061103E /* Frameworks */ = {
			isa = PBXFrameworksBuildPhase;
			buildActionMask = 2147483647;
			files = (
			);
			runOnlyForDeploymentPostprocessing = 0;
		};
		4FD2D2712CBE72DE0061103E /* Frameworks */ = {
			isa = PBXFrameworksBuildPhase;
			buildActionMask = 2147483647;
			files = (
			);
			runOnlyForDeploymentPostprocessing = 0;
		};
		4FD2D27B2CBE72DE0061103E /* Frameworks */ = {
			isa = PBXFrameworksBuildPhase;
			buildActionMask = 2147483647;
			files = (
			);
			runOnlyForDeploymentPostprocessing = 0;
		};
/* End PBXFrameworksBuildPhase section */

/* Begin PBXGroup section */
		4FD2D25B2CBE72DC0061103E = {
			isa = PBXGroup;
			children = (
				4FD2D2662CBE72DC0061103E /* PhotoPuzzle */,
				4FD2D2772CBE72DE0061103E /* PhotoPuzzleTests */,
				4FD2D2812CBE72DE0061103E /* PhotoPuzzleUITests */,
				4FD2D2652CBE72DC0061103E /* Products */,
			);
			sourceTree = "<group>";
		};
		4FD2D2652CBE72DC0061103E /* Products */ = {
			isa = PBXGroup;
			children = (
				4FD2D2642CBE72DC0061103E /* PhotoPuzzle.app */,
				4FD2D2742CBE72DE0061103E /* PhotoPuzzleTests.xctest */,
				4FD2D27E2CBE72DE0061103E /* PhotoPuzzleUITests.xctest */,
			);
			name = Products;
			sourceTree = "<group>";
		};
/* End PBXGroup section */

/* Begin PBXNativeTarget section */
		4FD2D2632CBE72DC0061103E /* PhotoPuzzle */ = {
			isa = PBXNativeTarget;
			buildConfigurationList = 4FD2D2882CBE72DE0061103E /* Build configuration list for PBXNativeTarget "PhotoPuzzle" */;
			buildPhases = (
				4FD2D2602CBE72DC0061103E /* Sources */,
				4FD2D2612CBE72DC0061103E /* Frameworks */,
				4FD2D2622CBE72DC0061103E /* Resources */,
			);
			buildRules = (
			);
			dependencies = (
			);
			fileSystemSynchronizedGroups = (
				4FD2D2662CBE72DC0061103E /* PhotoPuzzle */,
			);
			name = PhotoPuzzle;
			packageProductDependencies = (
			);
			productName = PhotoPuzzle;
			productReference = 4FD2D2642CBE72DC0061103E /* PhotoPuzzle.app */;
			productType = "com.apple.product-type.application";
		};
		4FD2D2732CBE72DE0061103E /* PhotoPuzzleTests */ = {
			isa = PBXNativeTarget;
			buildConfigurationList = 4FD2D28B2CBE72DE0061103E /* Build configuration list for PBXNativeTarget "PhotoPuzzleTests" */;
			buildPhases = (
				4FD2D2702CBE72DE0061103E /* Sources */,
				4FD2D2712CBE72DE0061103E /* Frameworks */,
				4FD2D2722CBE72DE0061103E /* Resources */,
			);
			buildRules = (
			);
			dependencies = (
				4FD2D2762CBE72DE0061103E /* PBXTargetDependency */,
			);
			fileSystemSynchronizedGroups = (
				4FD2D2772CBE72DE0061103E /* PhotoPuzzleTests */,
			);
			name = PhotoPuzzleTests;
			packageProductDependencies = (
			);
			productName = PhotoPuzzleTests;
			productReference = 4FD2D2742CBE72DE0061103E /* PhotoPuzzleTests.xctest */;
			productType = "com.apple.product-type.bundle.unit-test";
		};
		4FD2D27D2CBE72DE0061103E /* PhotoPuzzleUITests */ = {
			isa = PBXNativeTarget;
			buildConfigurationList = 4FD2D28E2CBE72DE0061103E /* Build configuration list for PBXNativeTarget "PhotoPuzzleUITests" */;
			buildPhases = (
				4FD2D27A2CBE72DE0061103E /* Sources */,
				4FD2D27B2CBE72DE0061103E /* Frameworks */,
				4FD2D27C2CBE72DE0061103E /* Resources */,
			);
			buildRules = (
			);
			dependencies = (
				4FD2D2802CBE72DE0061103E /* PBXTargetDependency */,
			);
			fileSystemSynchronizedGroups = (
				4FD2D2812CBE72DE0061103E /* PhotoPuzzleUITests */,
			);
			name = PhotoPuzzleUITests;
			packageProductDependencies = (
			);
			productName = PhotoPuzzleUITests;
			productReference = 4FD2D27E2CBE72DE0061103E /* PhotoPuzzleUITests.xctest */;
			productType = "com.apple.product-type.bundle.ui-testing";
		};
/* End PBXNativeTarget section */

/* Begin PBXProject section */
		4FD2D25C2CBE72DC0061103E /* Project object */ = {
			isa = PBXProject;
			attributes = {
				BuildIndependentTargetsInParallel = 1;
				LastSwiftUpdateCheck = 1600;
				LastUpgradeCheck = 1600;
				TargetAttributes = {
					4FD2D2632CBE72DC0061103E = {
						CreatedOnToolsVersion = 16.0;
					};
					4FD2D2732CBE72DE0061103E = {
						CreatedOnToolsVersion = 16.0;
						TestTargetID = 4FD2D2632CBE72DC0061103E;
					};
					4FD2D27D2CBE72DE0061103E = {
						CreatedOnToolsVersion = 16.0;
						TestTargetID = 4FD2D2632CBE72DC0061103E;
					};
				};
			};
			buildConfigurationList = 4FD2D25F2CBE72DC0061103E /* Build configuration list for PBXProject "PhotoPuzzle" */;
			developmentRegion = en;
			hasScannedForEncodings = 0;
			knownRegions = (
				en,
				Base,
			);
			mainGroup = 4FD2D25B2CBE72DC0061103E;
			minimizedProjectReferenceProxies = 1;
			preferredProjectObjectVersion = 77;
			productRefGroup = 4FD2D2652CBE72DC0061103E /* Products */;
			projectDirPath = "";
			projectRoot = "";
			targets = (
				4FD2D2632CBE72DC0061103E /* PhotoPuzzle */,
				4FD2D2732CBE72DE0061103E /* PhotoPuzzleTests */,
				4FD2D27D2CBE72DE0061103E /* PhotoPuzzleUITests */,
			);
		};
/* End PBXProject section */

/* Begin PBXResourcesBuildPhase section */
		4FD2D2622CBE72DC0061103E /* Resources */ = {
			isa = PBXResourcesBuildPhase;
			buildActionMask = 2147483647;
			files = (
			);
			runOnlyForDeploymentPostprocessing = 0;
		};
		4FD2D2722CBE72DE0061103E /* Resources */ = {
			isa = PBXResourcesBuildPhase;
			buildActionMask = 2147483647;
			files = (
			);
			runOnlyForDeploymentPostprocessing = 0;
		};
		4FD2D27C2CBE72DE0061103E /* Resources */ = {
			isa = PBXResourcesBuildPhase;
			buildActionMask = 2147483647;
			files = (
			);
			runOnlyForDeploymentPostprocessing = 0;
		};
/* End PBXResourcesBuildPhase section */

/* Begin PBXSourcesBuildPhase section */
		4FD2D2602CBE72DC0061103E /* Sources */ = {
			isa = PBXSourcesBuildPhase;
			buildActionMask = 2147483647;
			files = (
			);
			runOnlyForDeploymentPostprocessing = 0;
		};
		4FD2D2702CBE72DE0061103E /* Sources */ = {
			isa = PBXSourcesBuildPhase;
			buildActionMask = 2147483647;
			files = (
			);
			runOnlyForDeploymentPostprocessing = 0;
		};
		4FD2D27A2CBE72DE0061103E /* Sources */ = {
			isa = PBXSourcesBuildPhase;
			buildActionMask = 2147483647;
			files = (
			);
			runOnlyForDeploymentPostprocessing = 0;
		};
/* End PBXSourcesBuildPhase section */

/* Begin PBXTargetDependency section */
		4FD2D2762CBE72DE0061103E /* PBXTargetDependency */ = {
			isa = PBXTargetDependency;
			target = 4FD2D2632CBE72DC0061103E /* PhotoPuzzle */;
			targetProxy = 4FD2D2752CBE72DE0061103E /* PBXContainerItemProxy */;
		};
		4FD2D2802CBE72DE0061103E /* PBXTargetDependency */ = {
			isa = PBXTargetDependency;
			target = 4FD2D2632CBE72DC0061103E /* PhotoPuzzle */;
			targetProxy = 4FD2D27F2CBE72DE0061103E /* PBXContainerItemProxy */;
		};
/* End PBXTargetDependency section */

/* Begin XCBuildConfiguration section */
		4FD2D2862CBE72DE0061103E /* Debug */ = {
			isa = XCBuildConfiguration;
			buildSettings = {
				ALWAYS_SEARCH_USER_PATHS = NO;
				ASSETCATALOG_COMPILER_GENERATE_SWIFT_ASSET_SYMBOL_EXTENSIONS = YES;
				CLANG_ANALYZER_NONNULL = YES;
				CLANG_ANALYZER_NUMBER_OBJECT_CONVERSION = YES_AGGRESSIVE;
				CLANG_CXX_LANGUAGE_STANDARD = "gnu++20";
				CLANG_ENABLE_MODULES = YES;
				CLANG_ENABLE_OBJC_ARC = YES;
				CLANG_ENABLE_OBJC_WEAK = YES;
				CLANG_WARN_BLOCK_CAPTURE_AUTORELEASING = YES;
				CLANG_WARN_BOOL_CONVERSION = YES;
				CLANG_WARN_COMMA = YES;
				CLANG_WARN_CONSTANT_CONVERSION = YES;
				CLANG_WARN_DEPRECATED_OBJC_IMPLEMENTATIONS = YES;
				CLANG_WARN_DIRECT_OBJC_ISA_USAGE = YES_ERROR;
				CLANG_WARN_DOCUMENTATION_COMMENTS = YES;
				CLANG_WARN_EMPTY_BODY = YES;
				CLANG_WARN_ENUM_CONVERSION = YES;
				CLANG_WARN_INFINITE_RECURSION = YES;
				CLANG_WARN_INT_CONVERSION = YES;
				CLANG_WARN_NON_LITERAL_NULL_CONVERSION = YES;
				CLANG_WARN_OBJC_IMPLICIT_RETAIN_SELF = YES;
				CLANG_WARN_OBJC_LITERAL_CONVERSION = YES;
				CLANG_WARN_OBJC_ROOT_CLASS = YES_ERROR;
				CLANG_WARN_QUOTED_INCLUDE_IN_FRAMEWORK_HEADER = YES;
				CLANG_WARN_RANGE_LOOP_ANALYSIS = YES;
				CLANG_WARN_STRICT_PROTOTYPES = YES;
				CLANG_WARN_SUSPICIOUS_MOVE = YES;
				CLANG_WARN_UNGUARDED_AVAILABILITY = YES_AGGRESSIVE;
				CLANG_WARN_UNREACHABLE_CODE = YES;
				CLANG_WARN__DUPLICATE_METHOD_MATCH = YES;
				COPY_PHASE_STRIP = NO;
				DEBUG_INFORMATION_FORMAT = dwarf;
				ENABLE_STRICT_OBJC_MSGSEND = YES;
				ENABLE_TESTABILITY = YES;
				ENABLE_USER_SCRIPT_SANDBOXING = YES;
				GCC_C_LANGUAGE_STANDARD = gnu17;
				GCC_DYNAMIC_NO_PIC = NO;
				GCC_NO_COMMON_BLOCKS = YES;
				GCC_OPTIMIZATION_LEVEL = 0;
				GCC_PREPROCESSOR_DEFINITIONS = (
					"DEBUG=1",
					"$(inherited)",
				);
				GCC_WARN_64_TO_32_BIT_CONVERSION = YES;
				GCC_WARN_ABOUT_RETURN_TYPE = YES_ERROR;
				GCC_WARN_UNDECLARED_SELECTOR = YES;
				GCC_WARN_UNINITIALIZED_AUTOS = YES_AGGRESSIVE;
				GCC_WARN_UNUSED_FUNCTION = YES;
				GCC_WARN_UNUSED_VARIABLE = YES;
				IPHONEOS_DEPLOYMENT_TARGET = 18.0;
				LOCALIZATION_PREFERS_STRING_CATALOGS = YES;
				MTL_ENABLE_DEBUG_INFO = INCLUDE_SOURCE;
				MTL_FAST_MATH = YES;
				ONLY_ACTIVE_ARCH = YES;
				SDKROOT = iphoneos;
				SWIFT_ACTIVE_COMPILATION_CONDITIONS = "DEBUG $(inherited)";
				SWIFT_OPTIMIZATION_LEVEL = "-Onone";
			};
			name = Debug;
		};
		4FD2D2872CBE72DE0061103E /* Release */ = {
			isa = XCBuildConfiguration;
			buildSettings = {
				ALWAYS_SEARCH_USER_PATHS = NO;
				ASSETCATALOG_COMPILER_GENERATE_SWIFT_ASSET_SYMBOL_EXTENSIONS = YES;
				CLANG_ANALYZER_NONNULL = YES;
				CLANG_ANALYZER_NUMBER_OBJECT_CONVERSION = YES_AGGRESSIVE;
				CLANG_CXX_LANGUAGE_STANDARD = "gnu++20";
				CLANG_ENABLE_MODULES = YES;
				CLANG_ENABLE_OBJC_ARC = YES;
				CLANG_ENABLE_OBJC_WEAK = YES;
				CLANG_WARN_BLOCK_CAPTURE_AUTORELEASING = YES;
				CLANG_WARN_BOOL_CONVERSION = YES;
				CLANG_WARN_COMMA = YES;
				CLANG_WARN_CONSTANT_CONVERSION = YES;
				CLANG_WARN_DEPRECATED_OBJC_IMPLEMENTATIONS = YES;
				CLANG_WARN_DIRECT_OBJC_ISA_USAGE = YES_ERROR;
				CLANG_WARN_DOCUMENTATION_COMMENTS = YES;
				CLANG_WARN_EMPTY_BODY = YES;
				CLANG_WARN_ENUM_CONVERSION = YES;
				CLANG_WARN_INFINITE_RECURSION = YES;
				CLANG_WARN_INT_CONVERSION = YES;
				CLANG_WARN_NON_LITERAL_NULL_CONVERSION = YES;
				CLANG_WARN_OBJC_IMPLICIT_RETAIN_SELF = YES;
				CLANG_WARN_OBJC_LITERAL_CONVERSION = YES;
				CLANG_WARN_OBJC_ROOT_CLASS = YES_ERROR;
				CLANG_WARN_QUOTED_INCLUDE_IN_FRAMEWORK_HEADER = YES;
				CLANG_WARN_RANGE_LOOP_ANALYSIS = YES;
				CLANG_WARN_STRICT_PROTOTYPES = YES;
				CLANG_WARN_SUSPICIOUS_MOVE = YES;
				CLANG_WARN_UNGUARDED_AVAILABILITY = YES_AGGRESSIVE;
				CLANG_WARN_UNREACHABLE_CODE = YES;
				CLANG_WARN__DUPLICATE_METHOD_MATCH = YES;
				COPY_PHASE_STRIP = NO;
				DEBUG_INFORMATION_FORMAT = "dwarf-with-dsym";
				ENABLE_NS_ASSERTIONS = NO;
				ENABLE_STRICT_OBJC_MSGSEND = YES;
				ENABLE_USER_SCRIPT_SANDBOXING = YES;
				GCC_C_LANGUAGE_STANDARD = gnu17;
				GCC_NO_COMMON_BLOCKS = YES;
				GCC_WARN_64_TO_32_BIT_CONVERSION = YES;
				GCC_WARN_ABOUT_RETURN_TYPE = YES_ERROR;
				GCC_WARN_UNDECLARED_SELECTOR = YES;
				GCC_WARN_UNINITIALIZED_AUTOS = YES_AGGRESSIVE;
				GCC_WARN_UNUSED_FUNCTION = YES;
				GCC_WARN_UNUSED_VARIABLE = YES;
				IPHONEOS_DEPLOYMENT_TARGET = 18.0;
				LOCALIZATION_PREFERS_STRING_CATALOGS = YES;
				MTL_ENABLE_DEBUG_INFO = NO;
				MTL_FAST_MATH = YES;
				SDKROOT = iphoneos;
				SWIFT_COMPILATION_MODE = wholemodule;
				VALIDATE_PRODUCT = YES;
			};
			name = Release;
		};
		4FD2D2892CBE72DE0061103E /* Debug */ = {
			isa = XCBuildConfiguration;
			buildSettings = {
				ASSETCATALOG_COMPILER_APPICON_NAME = AppIcon;
				ASSETCATALOG_COMPILER_GLOBAL_ACCENT_COLOR_NAME = AccentColor;
				CODE_SIGN_STYLE = Automatic;
				CURRENT_PROJECT_VERSION = 1;
				DEVELOPMENT_ASSET_PATHS = "\"PhotoPuzzle/Preview Content\"";
				DEVELOPMENT_TEAM = DV5UPK2J87;
				ENABLE_PREVIEWS = YES;
				GENERATE_INFOPLIST_FILE = YES;
				INFOPLIST_KEY_UIApplicationSceneManifest_Generation = YES;
				INFOPLIST_KEY_UIApplicationSupportsIndirectInputEvents = YES;
				INFOPLIST_KEY_UILaunchScreen_Generation = YES;
				INFOPLIST_KEY_UISupportedInterfaceOrientations_iPad = "UIInterfaceOrientationPortrait UIInterfaceOrientationPortraitUpsideDown UIInterfaceOrientationLandscapeLeft UIInterfaceOrientationLandscapeRight";
				INFOPLIST_KEY_UISupportedInterfaceOrientations_iPhone = "UIInterfaceOrientationPortrait UIInterfaceOrientationLandscapeLeft UIInterfaceOrientationLandscapeRight";
				LD_RUNPATH_SEARCH_PATHS = (
					"$(inherited)",
					"@executable_path/Frameworks",
				);
				MARKETING_VERSION = 1.0;
				PRODUCT_BUNDLE_IDENTIFIER = tsep1l0v.PhotoPuzzle;
				PRODUCT_NAME = "$(TARGET_NAME)";
				SWIFT_EMIT_LOC_STRINGS = YES;
				SWIFT_VERSION = 5.0;
				TARGETED_DEVICE_FAMILY = "1,2";
			};
			name = Debug;
		};
		4FD2D28A2CBE72DE0061103E /* Release */ = {
			isa = XCBuildConfiguration;
			buildSettings = {
				ASSETCATALOG_COMPILER_APPICON_NAME = AppIcon;
				ASSETCATALOG_COMPILER_GLOBAL_ACCENT_COLOR_NAME = AccentColor;
				CODE_SIGN_STYLE = Automatic;
				CURRENT_PROJECT_VERSION = 1;
				DEVELOPMENT_ASSET_PATHS = "\"PhotoPuzzle/Preview Content\"";
				DEVELOPMENT_TEAM = DV5UPK2J87;
				ENABLE_PREVIEWS = YES;
				GENERATE_INFOPLIST_FILE = YES;
				INFOPLIST_KEY_UIApplicationSceneManifest_Generation = YES;
				INFOPLIST_KEY_UIApplicationSupportsIndirectInputEvents = YES;
				INFOPLIST_KEY_UILaunchScreen_Generation = YES;
				INFOPLIST_KEY_UISupportedInterfaceOrientations_iPad = "UIInterfaceOrientationPortrait UIInterfaceOrientationPortraitUpsideDown UIInterfaceOrientationLandscapeLeft UIInterfaceOrientationLandscapeRight";
				INFOPLIST_KEY_UISupportedInterfaceOrientations_iPhone = "UIInterfaceOrientationPortrait UIInterfaceOrientationLandscapeLeft UIInterfaceOrientationLandscapeRight";
				LD_RUNPATH_SEARCH_PATHS = (
					"$(inherited)",
					"@executable_path/Frameworks",
				);
				MARKETING_VERSION = 1.0;
				PRODUCT_BUNDLE_IDENTIFIER = tsep1l0v.PhotoPuzzle;
				PRODUCT_NAME = "$(TARGET_NAME)";
				SWIFT_EMIT_LOC_STRINGS = YES;
				SWIFT_VERSION = 5.0;
				TARGETED_DEVICE_FAMILY = "1,2";
			};
			name = Release;
		};
		4FD2D28C2CBE72DE0061103E /* Debug */ = {
			isa = XCBuildConfiguration;
			buildSettings = {
				BUNDLE_LOADER = "$(TEST_HOST)";
				CODE_SIGN_STYLE = Automatic;
				CURRENT_PROJECT_VERSION = 1;
				DEVELOPMENT_TEAM = DV5UPK2J87;
				GENERATE_INFOPLIST_FILE = YES;
				IPHONEOS_DEPLOYMENT_TARGET = 18.0;
				MARKETING_VERSION = 1.0;
				PRODUCT_BUNDLE_IDENTIFIER = tsep1l0v.PhotoPuzzleTests;
				PRODUCT_NAME = "$(TARGET_NAME)";
				SWIFT_EMIT_LOC_STRINGS = NO;
				SWIFT_VERSION = 5.0;
				TARGETED_DEVICE_FAMILY = "1,2";
				TEST_HOST = "$(BUILT_PRODUCTS_DIR)/PhotoPuzzle.app/$(BUNDLE_EXECUTABLE_FOLDER_PATH)/PhotoPuzzle";
			};
			name = Debug;
		};
		4FD2D28D2CBE72DE0061103E /* Release */ = {
			isa = XCBuildConfiguration;
			buildSettings = {
				BUNDLE_LOADER = "$(TEST_HOST)";
				CODE_SIGN_STYLE = Automatic;
				CURRENT_PROJECT_VERSION = 1;
				DEVELOPMENT_TEAM = DV5UPK2J87;
				GENERATE_INFOPLIST_FILE = YES;
				IPHONEOS_DEPLOYMENT_TARGET = 18.0;
				MARKETING_VERSION = 1.0;
				PRODUCT_BUNDLE_IDENTIFIER = tsep1l0v.PhotoPuzzleTests;
				PRODUCT_NAME = "$(TARGET_NAME)";
				SWIFT_EMIT_LOC_STRINGS = NO;
				SWIFT_VERSION = 5.0;
				TARGETED_DEVICE_FAMILY = "1,2";
				TEST_HOST = "$(BUILT_PRODUCTS_DIR)/PhotoPuzzle.app/$(BUNDLE_EXECUTABLE_FOLDER_PATH)/PhotoPuzzle";
			};
			name = Release;
		};
		4FD2D28F2CBE72DE0061103E /* Debug */ = {
			isa = XCBuildConfiguration;
			buildSettings = {
				CODE_SIGN_STYLE = Automatic;
				CURRENT_PROJECT_VERSION = 1;
				DEVELOPMENT_TEAM = DV5UPK2J87;
				GENERATE_INFOPLIST_FILE = YES;
				MARKETING_VERSION = 1.0;
				PRODUCT_BUNDLE_IDENTIFIER = tsep1l0v.PhotoPuzzleUITests;
				PRODUCT_NAME = "$(TARGET_NAME)";
				SWIFT_EMIT_LOC_STRINGS = NO;
				SWIFT_VERSION = 5.0;
				TARGETED_DEVICE_FAMILY = "1,2";
				TEST_TARGET_NAME = PhotoPuzzle;
			};
			name = Debug;
		};
		4FD2D2902CBE72DE0061103E /* Release */ = {
			isa = XCBuildConfiguration;
			buildSettings = {
				CODE_SIGN_STYLE = Automatic;
				CURRENT_PROJECT_VERSION = 1;
				DEVELOPMENT_TEAM = DV5UPK2J87;
				GENERATE_INFOPLIST_FILE = YES;
				MARKETING_VERSION = 1.0;
				PRODUCT_BUNDLE_IDENTIFIER = tsep1l0v.PhotoPuzzleUITests;
				PRODUCT_NAME = "$(TARGET_NAME)";
				SWIFT_EMIT_LOC_STRINGS = NO;
				SWIFT_VERSION = 5.0;
				TARGETED_DEVICE_FAMILY = "1,2";
				TEST_TARGET_NAME = PhotoPuzzle;
			};
			name = Release;
		};
/* End XCBuildConfiguration section */

/* Begin XCConfigurationList section */
		4FD2D25F2CBE72DC0061103E /* Build configuration list for PBXProject "PhotoPuzzle" */ = {
			isa = XCConfigurationList;
			buildConfigurations = (
				4FD2D2862CBE72DE0061103E /* Debug */,
				4FD2D2872CBE72DE0061103E /* Release */,
			);
			defaultConfigurationIsVisible = 0;
			defaultConfigurationName = Release;
		};
		4FD2D2882CBE72DE0061103E /* Build configuration list for PBXNativeTarget "PhotoPuzzle" */ = {
			isa = XCConfigurationList;
			buildConfigurations = (
				4FD2D2892CBE72DE0061103E /* Debug */,
				4FD2D28A2CBE72DE0061103E /* Release */,
			);
			defaultConfigurationIsVisible = 0;
			defaultConfigurationName = Release;
		};
		4FD2D28B2CBE72DE0061103E /* Build configuration list for PBXNativeTarget "PhotoPuzzleTests" */ = {
			isa = XCConfigurationList;
			buildConfigurations = (
				4FD2D28C2CBE72DE0061103E /* Debug */,
				4FD2D28D2CBE72DE0061103E /* Release */,
			);
			defaultConfigurationIsVisible = 0;
			defaultConfigurationName = Release;
		};
		4FD2D28E2CBE72DE0061103E /* Build configuration list for PBXNativeTarget "PhotoPuzzleUITests" */ = {
			isa = XCConfigurationList;
			buildConfigurations = (
				4FD2D28F2CBE72DE0061103E /* Debug */,
				4FD2D2902CBE72DE0061103E /* Release */,
			);
			defaultConfigurationIsVisible = 0;
			defaultConfigurationName = Release;
		};
/* End XCConfigurationList section */
	};
	rootObject = 4FD2D25C2CBE72DC0061103E /* Project object */;
}
